
Microsoft Visual Studio Solution File, Format Version 12.00
# Visual Studio Version 17
VisualStudioVersion = 17.5.33627.172
MinimumVisualStudioVersion = 10.0.40219.1
Project("{FAE04EC0-301F-11D3-BF4B-00C04F79EFBC}") = "SignalRLab", "SignalRLab\SignalRLab.csproj", "{C038DD60-EEF5-416B-AFBB-6387777F5423}"
EndProject
Global
	GlobalSection(SolutionConfigurationPlatforms) = preSolution
		Debug|Any CPU = Debug|Any CPU
		Release|Any CPU = Release|Any CPU
	EndGlobalSection
	GlobalSection(ProjectConfigurationPlatforms) = postSolution
		{C038DD60-EEF5-416B-AFBB-6387777F5423}.Debug|Any CPU.ActiveCfg = Debug|Any CPU
		{C038DD60-EEF5-416B-AFBB-6387777F5423}.Debug|Any CPU.Build.0 = Debug|Any CPU
		{C038DD60-EEF5-416B-AFBB-6387777F5423}.Release|Any CPU.ActiveCfg = Release|Any CPU
		{C038DD60-EEF5-416B-AFBB-6387777F5423}.Release|Any CPU.Build.0 = Release|Any CPU
	EndGlobalSection
	GlobalSection(SolutionProperties) = preSolution
		HideSolutionNode = FALSE
	EndGlobalSection
	GlobalSection(ExtensibilityGlobals) = postSolution
		SolutionGuid = {53152FFF-4F9F-4E69-A403-E70547C5BFC5}
	EndGlobalSection
EndGlobal
