
Microsoft Visual Studio Solution File, Format Version 12.00
# Visual Studio Version 17
VisualStudioVersion = 17.9.34622.214
MinimumVisualStudioVersion = 10.0.40219.1
Project("{9A19103F-16F7-4668-BE54-9A1E7A4F7556}") = "Eyeglasses_StudentName", "Eyeglasses_StudentName\Eyeglasses_StudentName.csproj", "{77485F15-DAB0-433C-8107-3B59FF92406A}"
EndProject
Project("{9A19103F-16F7-4668-BE54-9A1E7A4F7556}") = "Repository", "Repository\Repository.csproj", "{65CE3158-C8FD-4C01-85E7-B1D588EF99E3}"
EndProject
Global
	GlobalSection(SolutionConfigurationPlatforms) = preSolution
		Debug|Any CPU = Debug|Any CPU
		Release|Any CPU = Release|Any CPU
	EndGlobalSection
	GlobalSection(ProjectConfigurationPlatforms) = postSolution
		{77485F15-DAB0-433C-8107-3B59FF92406A}.Debug|Any CPU.ActiveCfg = Debug|Any CPU
		{77485F15-DAB0-433C-8107-3B59FF92406A}.Debug|Any CPU.Build.0 = Debug|Any CPU
		{77485F15-DAB0-433C-8107-3B59FF92406A}.Release|Any CPU.ActiveCfg = Release|Any CPU
		{77485F15-DAB0-433C-8107-3B59FF92406A}.Release|Any CPU.Build.0 = Release|Any CPU
		{65CE3158-C8FD-4C01-85E7-B1D588EF99E3}.Debug|Any CPU.ActiveCfg = Debug|Any CPU
		{65CE3158-C8FD-4C01-85E7-B1D588EF99E3}.Debug|Any CPU.Build.0 = Debug|Any CPU
		{65CE3158-C8FD-4C01-85E7-B1D588EF99E3}.Release|Any CPU.ActiveCfg = Release|Any CPU
		{65CE3158-C8FD-4C01-85E7-B1D588EF99E3}.Release|Any CPU.Build.0 = Release|Any CPU
	EndGlobalSection
	GlobalSection(SolutionProperties) = preSolution
		HideSolutionNode = FALSE
	EndGlobalSection
	GlobalSection(ExtensibilityGlobals) = postSolution
		SolutionGuid = {0755601B-AF28-4599-A0AB-667BDC0DF311}
	EndGlobalSection
EndGlobal
